{
  "name": "nodejs-example",
  "version": "1.0.0",
  "lockfileVersion": 3,
  "requires": true,
  "packages": {
    "": {
      "name": "nodejs-example",
      "version": "1.0.0",
      "license": "MIT",
      "dependencies": {
        "canvas-embed-node": "^1.0.2"
      }
    },
    "node_modules/btoa": {
      "version": "1.2.1",
      "resolved": "https://registry.npmjs.org/btoa/-/btoa-1.2.1.tgz",
      "integrity": "sha512-SB4/MIGlsiVkMcHmT+pSmIPoNDoHg+7cMzmt3Uxt628MTz2487DKSqK/fuhFBrkuqrYv5UCEnACpF4dTFNKc/g==",
      "bin": {
        "btoa": "bin/btoa.js"
      },
      "engines": {
        "node": ">= 0.4.0"
      }
    },
    "node_modules/canvas-embed-node": {
      "version": "1.0.2",
      "resolved": "https://registry.npmjs.org/canvas-embed-node/-/canvas-embed-node-1.0.2.tgz",
      "integrity": "sha512-kmq4q6N/KjkYotrRipexeLfKvqcsRRDPnj4E3KMh7kepMjj3b5kH+EYcAcqUb554PGtGcybStEc7xKIuEtbrMQ==",
      "dependencies": {
        "btoa": "^1.2.1",
        "libsodium-wrappers": "^0.7.13"
      }
    },
    "node_modules/libsodium": {
      "version": "0.7.13",
      "resolved": "https://registry.npmjs.org/libsodium/-/libsodium-0.7.13.tgz",
      "integrity": "sha512-mK8ju0fnrKXXfleL53vtp9xiPq5hKM0zbDQtcxQIsSmxNgSxqCj6R7Hl9PkrNe2j29T4yoDaF7DJLK9/i5iWUw=="
    },
    "node_modules/libsodium-wrappers": {
      "version": "0.7.13",
      "resolved": "https://registry.npmjs.org/libsodium-wrappers/-/libsodium-wrappers-0.7.13.tgz",
      "integrity": "sha512-kasvDsEi/r1fMzKouIDv7B8I6vNmknXwGiYodErGuESoFTohGSKZplFtVxZqHaoQ217AynyIFgnOVRitpHs0Qw==",
      "dependencies": {
        "libsodium": "^0.7.13"
      }
    }
  }
}
